
Microsoft Visual Studio Solution File, Format Version 12.00
# Visual Studio 15
VisualStudioVersion = 15.0.27906.1
MinimumVisualStudioVersion = 10.0.40219.1
Project("{FAE04EC0-301F-11D3-BF4B-00C04F79EFBC}") = "MethodsMap", "MethodsMap\MethodsMap.csproj", "{DB51A93E-6C87-4EBA-B569-8F3D523083E9}"
EndProject
Project("{FAE04EC0-301F-11D3-BF4B-00C04F79EFBC}") = "Launcher", "Launcher\Launcher.csproj", "{91EBF5A3-86B8-4706-95D5-E4744C3F5BE0}"
EndProject
Global
	GlobalSection(SolutionConfigurationPlatforms) = preSolution
		Debug NET20|Any CPU = Debug NET20|Any CPU
		Debug NET40|Any CPU = Debug NET40|Any CPU
		Release NET20|Any CPU = Release NET20|Any CPU
		Release NET40|Any CPU = Release NET40|Any CPU
	EndGlobalSection
	GlobalSection(ProjectConfigurationPlatforms) = postSolution
		{DB51A93E-6C87-4EBA-B569-8F3D523083E9}.Debug NET20|Any CPU.ActiveCfg = Debug NET20|Any CPU
		{DB51A93E-6C87-4EBA-B569-8F3D523083E9}.Debug NET20|Any CPU.Build.0 = Debug NET20|Any CPU
		{DB51A93E-6C87-4EBA-B569-8F3D523083E9}.Debug NET40|Any CPU.ActiveCfg = Debug NET40|Any CPU
		{DB51A93E-6C87-4EBA-B569-8F3D523083E9}.Debug NET40|Any CPU.Build.0 = Debug NET40|Any CPU
		{DB51A93E-6C87-4EBA-B569-8F3D523083E9}.Release NET20|Any CPU.ActiveCfg = Release NET20|Any CPU
		{DB51A93E-6C87-4EBA-B569-8F3D523083E9}.Release NET20|Any CPU.Build.0 = Release NET20|Any CPU
		{DB51A93E-6C87-4EBA-B569-8F3D523083E9}.Release NET40|Any CPU.ActiveCfg = Release NET40|Any CPU
		{DB51A93E-6C87-4EBA-B569-8F3D523083E9}.Release NET40|Any CPU.Build.0 = Release NET40|Any CPU
		{91EBF5A3-86B8-4706-95D5-E4744C3F5BE0}.Debug NET20|Any CPU.ActiveCfg = Debug NET20|Any CPU
		{91EBF5A3-86B8-4706-95D5-E4744C3F5BE0}.Debug NET20|Any CPU.Build.0 = Debug NET20|Any CPU
		{91EBF5A3-86B8-4706-95D5-E4744C3F5BE0}.Debug NET40|Any CPU.ActiveCfg = Debug NET40|Any CPU
		{91EBF5A3-86B8-4706-95D5-E4744C3F5BE0}.Debug NET40|Any CPU.Build.0 = Debug NET40|Any CPU
		{91EBF5A3-86B8-4706-95D5-E4744C3F5BE0}.Release NET20|Any CPU.ActiveCfg = Release NET20|Any CPU
		{91EBF5A3-86B8-4706-95D5-E4744C3F5BE0}.Release NET20|Any CPU.Build.0 = Release NET20|Any CPU
		{91EBF5A3-86B8-4706-95D5-E4744C3F5BE0}.Release NET40|Any CPU.ActiveCfg = Release NET40|Any CPU
		{91EBF5A3-86B8-4706-95D5-E4744C3F5BE0}.Release NET40|Any CPU.Build.0 = Release NET40|Any CPU
	EndGlobalSection
	GlobalSection(SolutionProperties) = preSolution
		HideSolutionNode = FALSE
	EndGlobalSection
	GlobalSection(ExtensibilityGlobals) = postSolution
		SolutionGuid = {5374B79C-97AA-4F77-B37D-88BD511C8049}
	EndGlobalSection
EndGlobal
